
Microsoft Visual Studio Solution File, Format Version 12.00
# Visual Studio Version 16
VisualStudioVersion = 16.0.31911.196
MinimumVisualStudioVersion = 10.0.40219.1
Project("{9A19103F-16F7-4668-BE54-9A1E7A4F7556}") = "PageObject", "PageObject\PageObject.csproj", "{A9631751-961B-4DB6-85D7-185245999278}"
EndProject
Project("{FAE04EC0-301F-11D3-BF4B-00C04F79EFBC}") = "SpecFlowProject", "SpecFlowProject\SpecFlowProject.csproj", "{EF284827-8A3F-4A82-80E4-50FBABE5A466}"
EndProject
Global
	GlobalSection(SolutionConfigurationPlatforms) = preSolution
		Debug|Any CPU = Debug|Any CPU
		Release|Any CPU = Release|Any CPU
	EndGlobalSection
	GlobalSection(ProjectConfigurationPlatforms) = postSolution
		{A9631751-961B-4DB6-85D7-185245999278}.Debug|Any CPU.ActiveCfg = Debug|Any CPU
		{A9631751-961B-4DB6-85D7-185245999278}.Debug|Any CPU.Build.0 = Debug|Any CPU
		{A9631751-961B-4DB6-85D7-185245999278}.Release|Any CPU.ActiveCfg = Release|Any CPU
		{A9631751-961B-4DB6-85D7-185245999278}.Release|Any CPU.Build.0 = Release|Any CPU
		{EF284827-8A3F-4A82-80E4-50FBABE5A466}.Debug|Any CPU.ActiveCfg = Debug|Any CPU
		{EF284827-8A3F-4A82-80E4-50FBABE5A466}.Debug|Any CPU.Build.0 = Debug|Any CPU
		{EF284827-8A3F-4A82-80E4-50FBABE5A466}.Release|Any CPU.ActiveCfg = Release|Any CPU
		{EF284827-8A3F-4A82-80E4-50FBABE5A466}.Release|Any CPU.Build.0 = Release|Any CPU
	EndGlobalSection
	GlobalSection(SolutionProperties) = preSolution
		HideSolutionNode = FALSE
	EndGlobalSection
	GlobalSection(ExtensibilityGlobals) = postSolution
		SolutionGuid = {2880D009-9392-46F8-8B26-AAF610F20877}
	EndGlobalSection
EndGlobal
